{
    "name": "rp-hellow-package1",
    "version": "1.1.0",
    "lockfileVersion": 3,
    "requires": true,
    "packages": {
        "": {
            "name": "rp-hellow-package1",
            "version": "1.1.0",
            "dependencies": {
                "rp-hellow-package3": "^1.0.0"
            }
        },
        "node_modules/rp-hellow-package3": {
            "version": "1.0.0",
            "resolved": "https://registry.npmjs.org/rp-hellow-package3/-/rp-hellow-package3-1.0.0.tgz",
            "integrity": "sha512-fO9oOGW9MZfQ03xL86/l4zdqeqWnx0jEG19mtP0W1KpDID10bMaD01GCQzdmLnRDmeKAbD+xmKDtfs3JRRGGQw=="
        }
    }
}
