# THIS IS AN AUTOGENERATED FILE. DO NOT EDIT THIS FILE DIRECTLY.
# yarn lockfile v1


rp-hellow-package3@^1.0.0:
  version "1.0.0"
  resolved "https://registry.yarnpkg.com/rp-hellow-package3/-/rp-hellow-package3-1.0.0.tgz#d035ce86fb6ed01900fabe4b534e8b6e20ae6e1f"
  integrity sha512-fO9oOGW9MZfQ03xL86/l4zdqeqWnx0jEG19mtP0W1KpDID10bMaD01GCQzdmLnRDmeKAbD+xmKDtfs3JRRGGQw==
